
Microsoft Visual Studio Solution File, Format Version 12.00
# Visual Studio Version 17
VisualStudioVersion = 17.2.32630.192
MinimumVisualStudioVersion = 10.0.40219.1
Project("{FAE04EC0-301F-11D3-BF4B-00C04F79EFBC}") = "UnitTestingApp", "UnitTestingApp\UnitTestingApp.csproj", "{9ADC932B-AA87-40CD-A167-EDF8AD14893D}"
EndProject
Project("{FAE04EC0-301F-11D3-BF4B-00C04F79EFBC}") = "UnitTests", "UnitTests\UnitTests.csproj", "{DC3119A6-1DDE-4D09-9E5F-FA6E0BBA3129}"
EndProject
Project("{FAE04EC0-301F-11D3-BF4B-00C04F79EFBC}") = "UnitTestingAppTests", "UnitTestingAppTests\UnitTestingAppTests.csproj", "{174C9D33-A452-48A0-A13A-98A143890374}"
EndProject
Global
	GlobalSection(SolutionConfigurationPlatforms) = preSolution
		Debug|Any CPU = Debug|Any CPU
		Release|Any CPU = Release|Any CPU
	EndGlobalSection
	GlobalSection(ProjectConfigurationPlatforms) = postSolution
		{9ADC932B-AA87-40CD-A167-EDF8AD14893D}.Debug|Any CPU.ActiveCfg = Debug|Any CPU
		{9ADC932B-AA87-40CD-A167-EDF8AD14893D}.Debug|Any CPU.Build.0 = Debug|Any CPU
		{9ADC932B-AA87-40CD-A167-EDF8AD14893D}.Release|Any CPU.ActiveCfg = Release|Any CPU
		{9ADC932B-AA87-40CD-A167-EDF8AD14893D}.Release|Any CPU.Build.0 = Release|Any CPU
		{DC3119A6-1DDE-4D09-9E5F-FA6E0BBA3129}.Debug|Any CPU.ActiveCfg = Debug|Any CPU
		{DC3119A6-1DDE-4D09-9E5F-FA6E0BBA3129}.Debug|Any CPU.Build.0 = Debug|Any CPU
		{DC3119A6-1DDE-4D09-9E5F-FA6E0BBA3129}.Release|Any CPU.ActiveCfg = Release|Any CPU
		{DC3119A6-1DDE-4D09-9E5F-FA6E0BBA3129}.Release|Any CPU.Build.0 = Release|Any CPU
		{174C9D33-A452-48A0-A13A-98A143890374}.Debug|Any CPU.ActiveCfg = Debug|Any CPU
		{174C9D33-A452-48A0-A13A-98A143890374}.Debug|Any CPU.Build.0 = Debug|Any CPU
		{174C9D33-A452-48A0-A13A-98A143890374}.Release|Any CPU.ActiveCfg = Release|Any CPU
		{174C9D33-A452-48A0-A13A-98A143890374}.Release|Any CPU.Build.0 = Release|Any CPU
	EndGlobalSection
	GlobalSection(SolutionProperties) = preSolution
		HideSolutionNode = FALSE
	EndGlobalSection
	GlobalSection(ExtensibilityGlobals) = postSolution
		SolutionGuid = {B311B3EC-FF7B-490F-851C-768FA6F29260}
	EndGlobalSection
EndGlobal
